
Microsoft Visual Studio Solution File, Format Version 12.00
# Visual Studio Version 16
VisualStudioVersion = 16.0.29709.97
MinimumVisualStudioVersion = 10.0.40219.1
Project("{FAE04EC0-301F-11D3-BF4B-00C04F79EFBC}") = "JobSearch", "JobSearch\JobSearch.csproj", "{20008F35-AD14-4C77-986E-C15406B44EF5}"
EndProject
Global
	GlobalSection(SolutionConfigurationPlatforms) = preSolution
		Debug|Any CPU = Debug|Any CPU
		Release|Any CPU = Release|Any CPU
	EndGlobalSection
	GlobalSection(ProjectConfigurationPlatforms) = postSolution
		{20008F35-AD14-4C77-986E-C15406B44EF5}.Debug|Any CPU.ActiveCfg = Debug|Any CPU
		{20008F35-AD14-4C77-986E-C15406B44EF5}.Debug|Any CPU.Build.0 = Debug|Any CPU
		{20008F35-AD14-4C77-986E-C15406B44EF5}.Release|Any CPU.ActiveCfg = Release|Any CPU
		{20008F35-AD14-4C77-986E-C15406B44EF5}.Release|Any CPU.Build.0 = Release|Any CPU
	EndGlobalSection
	GlobalSection(SolutionProperties) = preSolution
		HideSolutionNode = FALSE
	EndGlobalSection
	GlobalSection(ExtensibilityGlobals) = postSolution
		SolutionGuid = {2758C8C7-A0A0-4B6D-A4EC-A99E5FADA412}
	EndGlobalSection
EndGlobal
